
Microsoft Visual Studio Solution File, Format Version 12.00
# Visual Studio Version 17
VisualStudioVersion = 17.3.32825.248
MinimumVisualStudioVersion = 10.0.40219.1
Project("{FAE04EC0-301F-11D3-BF4B-00C04F79EFBC}") = "Hz", "Hz.csproj", "{DB13225F-49EC-49B4-950B-6307DA777DF9}"
EndProject
Global
	GlobalSection(SolutionConfigurationPlatforms) = preSolution
		Debug|Any CPU = Debug|Any CPU
		Release|Any CPU = Release|Any CPU
	EndGlobalSection
	GlobalSection(ProjectConfigurationPlatforms) = postSolution
		{DB13225F-49EC-49B4-950B-6307DA777DF9}.Debug|Any CPU.ActiveCfg = Debug|Any CPU
		{DB13225F-49EC-49B4-950B-6307DA777DF9}.Debug|Any CPU.Build.0 = Debug|Any CPU
		{DB13225F-49EC-49B4-950B-6307DA777DF9}.Release|Any CPU.ActiveCfg = Release|Any CPU
		{DB13225F-49EC-49B4-950B-6307DA777DF9}.Release|Any CPU.Build.0 = Release|Any CPU
	EndGlobalSection
	GlobalSection(SolutionProperties) = preSolution
		HideSolutionNode = FALSE
	EndGlobalSection
	GlobalSection(ExtensibilityGlobals) = postSolution
		SolutionGuid = {A86ECDA1-8666-4F4B-8ED2-17EF85C2BB94}
	EndGlobalSection
EndGlobal
